
Microsoft Visual Studio Solution File, Format Version 12.00
# Visual Studio Version 16
VisualStudioVersion = 16.0.30503.244
MinimumVisualStudioVersion = 10.0.40219.1
Project("{9A19103F-16F7-4668-BE54-9A1E7A4F7556}") = "CeasarCipher", "Ceasar-Cipher\CeasarCipher.csproj", "{700BEA2E-DBB9-4A50-87FB-CB45653D5375}"
EndProject
Project("{9A19103F-16F7-4668-BE54-9A1E7A4F7556}") = "CeasarCipher_Test", "CeasarCipher_Test\CeasarCipher_Test.csproj", "{AAC7CC93-7593-41AB-AC7A-988934B4CAF1}"
EndProject
Global
	GlobalSection(SolutionConfigurationPlatforms) = preSolution
		Debug|Any CPU = Debug|Any CPU
		Release|Any CPU = Release|Any CPU
	EndGlobalSection
	GlobalSection(ProjectConfigurationPlatforms) = postSolution
		{700BEA2E-DBB9-4A50-87FB-CB45653D5375}.Debug|Any CPU.ActiveCfg = Debug|Any CPU
		{700BEA2E-DBB9-4A50-87FB-CB45653D5375}.Debug|Any CPU.Build.0 = Debug|Any CPU
		{700BEA2E-DBB9-4A50-87FB-CB45653D5375}.Release|Any CPU.ActiveCfg = Release|Any CPU
		{700BEA2E-DBB9-4A50-87FB-CB45653D5375}.Release|Any CPU.Build.0 = Release|Any CPU
		{AAC7CC93-7593-41AB-AC7A-988934B4CAF1}.Debug|Any CPU.ActiveCfg = Debug|Any CPU
		{AAC7CC93-7593-41AB-AC7A-988934B4CAF1}.Debug|Any CPU.Build.0 = Debug|Any CPU
		{AAC7CC93-7593-41AB-AC7A-988934B4CAF1}.Release|Any CPU.ActiveCfg = Release|Any CPU
		{AAC7CC93-7593-41AB-AC7A-988934B4CAF1}.Release|Any CPU.Build.0 = Release|Any CPU
	EndGlobalSection
	GlobalSection(SolutionProperties) = preSolution
		HideSolutionNode = FALSE
	EndGlobalSection
	GlobalSection(ExtensibilityGlobals) = postSolution
		SolutionGuid = {90CAD14E-EFD3-41F0-B40C-D3F4BC05FC09}
	EndGlobalSection
EndGlobal
